
Microsoft Visual Studio Solution File, Format Version 12.00
# Visual Studio Version 16
VisualStudioVersion = 16.0.31613.86
MinimumVisualStudioVersion = 10.0.40219.1
Project("{FAE04EC0-301F-11D3-BF4B-00C04F79EFBC}") = "PlantillasConsola", "PlantillasConsola.csproj", "{C8DA94D5-BD0F-436F-B243-A6D358AFA08E}"
	ProjectSection(ProjectDependencies) = postProject
		{B49F09D8-DAD8-4CD1-8A44-DFE0B70F3C85} = {B49F09D8-DAD8-4CD1-8A44-DFE0B70F3C85}
	EndProjectSection
EndProject
Project("{FAE04EC0-301F-11D3-BF4B-00C04F79EFBC}") = "PlantillasNegocio", "..\PlantillasNegocio\PlantillasNegocio.csproj", "{B49F09D8-DAD8-4CD1-8A44-DFE0B70F3C85}"
EndProject
Global
	GlobalSection(SolutionConfigurationPlatforms) = preSolution
		Debug|Any CPU = Debug|Any CPU
		Release|Any CPU = Release|Any CPU
	EndGlobalSection
	GlobalSection(ProjectConfigurationPlatforms) = postSolution
		{C8DA94D5-BD0F-436F-B243-A6D358AFA08E}.Debug|Any CPU.ActiveCfg = Debug|Any CPU
		{C8DA94D5-BD0F-436F-B243-A6D358AFA08E}.Debug|Any CPU.Build.0 = Debug|Any CPU
		{C8DA94D5-BD0F-436F-B243-A6D358AFA08E}.Release|Any CPU.ActiveCfg = Release|Any CPU
		{C8DA94D5-BD0F-436F-B243-A6D358AFA08E}.Release|Any CPU.Build.0 = Release|Any CPU
		{B49F09D8-DAD8-4CD1-8A44-DFE0B70F3C85}.Debug|Any CPU.ActiveCfg = Debug|Any CPU
		{B49F09D8-DAD8-4CD1-8A44-DFE0B70F3C85}.Debug|Any CPU.Build.0 = Debug|Any CPU
		{B49F09D8-DAD8-4CD1-8A44-DFE0B70F3C85}.Release|Any CPU.ActiveCfg = Release|Any CPU
		{B49F09D8-DAD8-4CD1-8A44-DFE0B70F3C85}.Release|Any CPU.Build.0 = Release|Any CPU
	EndGlobalSection
	GlobalSection(SolutionProperties) = preSolution
		HideSolutionNode = FALSE
	EndGlobalSection
	GlobalSection(ExtensibilityGlobals) = postSolution
		SolutionGuid = {6A0F6848-5054-4EA8-899B-9E2C00F128CE}
	EndGlobalSection
EndGlobal
